{
  "lockfileVersion": 1,
  "configVersion": 0,
  "workspaces": {
    "": {
      "name": "sharepoint-client",
      "devDependencies": {
        "@types/bun": "^1.3.11",
        "typescript": "^6.0.3",
      },
      "peerDependencies": {
        "@azure/msal-browser": ">=3",
      },
      "optionalPeers": [
        "@azure/msal-browser",
      ],
    },
  },
  "packages": {
    "@azure/msal-browser": ["@azure/msal-browser@4.30.0", "", { "dependencies": { "@azure/msal-common": "15.17.0" } }, "sha512-HBBKfbZkMVzzF5bofvS1cXuNHFVc+gt4/HOnCmG/0hsHuZRJvJvDg/+7nTwIpoqvJc8BQp5o23rBUfisOLxR+w=="],

    "@azure/msal-common": ["@azure/msal-common@15.17.0", "", {}, "sha512-VQ5/gTLFADkwue+FohVuCqlzFPUq4xSrX8jeZe+iwZuY6moliNC8xt86qPVNYdtbQfELDf2Nu6LI+demFPHGgw=="],

    "@types/bun": ["@types/bun@1.3.13", "", { "dependencies": { "bun-types": "1.3.13" } }, "sha512-9fqXWk5YIHGGnUau9TEi+qdlTYDAnOj+xLCmSTwXfAIqXr2x4tytJb43E9uCvt09zJURKXwAtkoH4nLQfzeTXw=="],

    "@types/node": ["@types/node@25.5.2", "", { "dependencies": { "undici-types": "~7.18.0" } }, "sha512-tO4ZIRKNC+MDWV4qKVZe3Ql/woTnmHDr5JD8UI5hn2pwBrHEwOEMZK7WlNb5RKB6EoJ02gwmQS9OrjuFnZYdpg=="],

    "bun-types": ["bun-types@1.3.13", "", { "dependencies": { "@types/node": "*" } }, "sha512-QXKeHLlOLqQX9LgYaHJfzdBaV21T63HhFJnvuRCcjZiaUDpbs5ED1MgxbMra71CsryN/1dAoXuJJJwIv/2drVA=="],

    "typescript": ["typescript@6.0.3", "", { "bin": { "tsc": "bin/tsc", "tsserver": "bin/tsserver" } }, "sha512-y2TvuxSZPDyQakkFRPZHKFm+KKVqIisdg9/CZwm9ftvKXLP8NRWj38/ODjNbr43SsoXqNuAisEf1GdCxqWcdBw=="],

    "undici-types": ["undici-types@7.18.2", "", {}, "sha512-AsuCzffGHJybSaRrmr5eHr81mwJU3kjw6M+uprWvCXiNeN9SOGwQ3Jn8jb8m3Z6izVgknn1R0FTCEAP2QrLY/w=="],
  }
}
